
Microsoft Visual Studio Solution File, Format Version 12.00
# Visual Studio Version 16
VisualStudioVersion = 16.0.29209.62
MinimumVisualStudioVersion = 10.0.40219.1
Project("{FAE04EC0-301F-11D3-BF4B-00C04F79EFBC}") = "WebDriver", "ZhdTests\WebDriver.csproj", "{950B0A80-58AC-44BF-8047-D1A77DA90CD9}"
EndProject
Global
	GlobalSection(SolutionConfigurationPlatforms) = preSolution
		Debug|Any CPU = Debug|Any CPU
		Release|Any CPU = Release|Any CPU
	EndGlobalSection
	GlobalSection(ProjectConfigurationPlatforms) = postSolution
		{950B0A80-58AC-44BF-8047-D1A77DA90CD9}.Debug|Any CPU.ActiveCfg = Debug|Any CPU
		{950B0A80-58AC-44BF-8047-D1A77DA90CD9}.Debug|Any CPU.Build.0 = Debug|Any CPU
		{950B0A80-58AC-44BF-8047-D1A77DA90CD9}.Release|Any CPU.ActiveCfg = Release|Any CPU
		{950B0A80-58AC-44BF-8047-D1A77DA90CD9}.Release|Any CPU.Build.0 = Release|Any CPU
	EndGlobalSection
	GlobalSection(SolutionProperties) = preSolution
		HideSolutionNode = FALSE
	EndGlobalSection
	GlobalSection(ExtensibilityGlobals) = postSolution
		SolutionGuid = {3C15A9D8-D365-4BD0-8F23-D6901787C9DA}
	EndGlobalSection
EndGlobal
