
Microsoft Visual Studio Solution File, Format Version 12.00
# Visual Studio Version 16
VisualStudioVersion = 16.0.29102.190
MinimumVisualStudioVersion = 10.0.40219.1
Project("{FAE04EC0-301F-11D3-BF4B-00C04F79EFBC}") = "3 Lab", "3 Lab\3 Lab.csproj", "{56C51F0B-3CE2-4907-A24D-A36C315552A7}"
EndProject
Global
	GlobalSection(SolutionConfigurationPlatforms) = preSolution
		Debug|Any CPU = Debug|Any CPU
		Release|Any CPU = Release|Any CPU
	EndGlobalSection
	GlobalSection(ProjectConfigurationPlatforms) = postSolution
		{56C51F0B-3CE2-4907-A24D-A36C315552A7}.Debug|Any CPU.ActiveCfg = Debug|Any CPU
		{56C51F0B-3CE2-4907-A24D-A36C315552A7}.Debug|Any CPU.Build.0 = Debug|Any CPU
		{56C51F0B-3CE2-4907-A24D-A36C315552A7}.Release|Any CPU.ActiveCfg = Release|Any CPU
		{56C51F0B-3CE2-4907-A24D-A36C315552A7}.Release|Any CPU.Build.0 = Release|Any CPU
	EndGlobalSection
	GlobalSection(SolutionProperties) = preSolution
		HideSolutionNode = FALSE
	EndGlobalSection
	GlobalSection(ExtensibilityGlobals) = postSolution
		SolutionGuid = {4AAB790A-22BA-40A1-8921-2C4B04709F62}
	EndGlobalSection
EndGlobal
